
Microsoft Visual Studio Solution File, Format Version 12.00
# Visual Studio Version 17
VisualStudioVersion = 17.5.002.0
MinimumVisualStudioVersion = 10.0.40219.1
Project("{9A19103F-16F7-4668-BE54-9A1E7A4F7556}") = "DesafioFundamentos", "DesafioFundamentos\DesafioFundamentos.csproj", "{CBCF51D3-C6B6-42B9-B43B-66F07DA893E7}"
EndProject
Global
	GlobalSection(SolutionConfigurationPlatforms) = preSolution
		Debug|Any CPU = Debug|Any CPU
		Release|Any CPU = Release|Any CPU
	EndGlobalSection
	GlobalSection(ProjectConfigurationPlatforms) = postSolution
		{CBCF51D3-C6B6-42B9-B43B-66F07DA893E7}.Debug|Any CPU.ActiveCfg = Debug|Any CPU
		{CBCF51D3-C6B6-42B9-B43B-66F07DA893E7}.Debug|Any CPU.Build.0 = Debug|Any CPU
		{CBCF51D3-C6B6-42B9-B43B-66F07DA893E7}.Release|Any CPU.ActiveCfg = Release|Any CPU
		{CBCF51D3-C6B6-42B9-B43B-66F07DA893E7}.Release|Any CPU.Build.0 = Release|Any CPU
	EndGlobalSection
	GlobalSection(SolutionProperties) = preSolution
		HideSolutionNode = FALSE
	EndGlobalSection
	GlobalSection(ExtensibilityGlobals) = postSolution
		SolutionGuid = {9E4DFE3A-C79C-4909-BC59-BDDD1C978C47}
	EndGlobalSection
EndGlobal
